
Microsoft Visual Studio Solution File, Format Version 12.00
# Visual Studio Version 17
VisualStudioVersion = 17.10.35013.160
MinimumVisualStudioVersion = 10.0.40219.1
Project("{FAE04EC0-301F-11D3-BF4B-00C04F79EFBC}") = "CustomEvents", "CustomEvents\CustomEvents.csproj", "{479D34FE-D925-4796-986F-45C253E4D121}"
EndProject
Project("{FAE04EC0-301F-11D3-BF4B-00C04F79EFBC}") = "MultiDelegates", "MultiDelegates\MultiDelegates.csproj", "{F7D8D16C-31E8-4DCB-83CF-D4F08A8E35AE}"
EndProject
Project("{9A19103F-16F7-4668-BE54-9A1E7A4F7556}") = "RangeOperator", "RangeOperator\RangeOperator.csproj", "{7CBE6CD1-2540-409C-A146-E0108A7E3476}"
EndProject
Project("{9A19103F-16F7-4668-BE54-9A1E7A4F7556}") = "GlobalUsings", "GlobalUsings\GlobalUsings.csproj", "{EC3B467B-8C2A-43F7-9A00-3ACE96FE88E3}"
EndProject
Project("{9A19103F-16F7-4668-BE54-9A1E7A4F7556}") = "RulePattern", "RulePattern\RulePattern.csproj", "{D45FA443-715A-4141-9CCB-40A22A5A3A0F}"
EndProject
Project("{9A19103F-16F7-4668-BE54-9A1E7A4F7556}") = "StrategyPattern", "StrategyPattern\StrategyPattern.csproj", "{2CDC7BED-D9AD-4704-BE9A-D8AD8F772DE5}"
EndProject
Project("{9A19103F-16F7-4668-BE54-9A1E7A4F7556}") = "AccessModifiers", "AccessModifiers\AccessModifiers.csproj", "{E3603B9C-49BD-40BA-A884-751FEC1E29BE}"
EndProject
Project("{9A19103F-16F7-4668-BE54-9A1E7A4F7556}") = "Singleton", "Singleton\Singleton.csproj", "{487A4C28-AA07-4425-B82E-E63FCF2E7C1C}"
EndProject
Project("{9A19103F-16F7-4668-BE54-9A1E7A4F7556}") = "Decorator", "Decorator\Decorator.csproj", "{2A32D29C-B2AC-415F-BB73-FD678C6C3310}"
EndProject
Project("{9A19103F-16F7-4668-BE54-9A1E7A4F7556}") = "TemplateMethod", "TemplateMethod\TemplateMethod.csproj", "{766B40B7-9E56-4F91-A23B-1F98BDDC5E8C}"
EndProject
Project("{9A19103F-16F7-4668-BE54-9A1E7A4F7556}") = "CommandPattern", "CommandPattern\CommandPattern.csproj", "{EB8E0C37-6287-4B17-B482-4DDA628485CD}"
EndProject
Project("{9A19103F-16F7-4668-BE54-9A1E7A4F7556}") = "AdapterPattern", "AdapterPattern\AdapterPattern.csproj", "{B2AE9F11-846F-4812-87AA-A7C74BC43AC7}"
EndProject
Project("{9A19103F-16F7-4668-BE54-9A1E7A4F7556}") = "ProxyPattern", "ProxyPattern\ProxyPattern.csproj", "{95F6820D-23C0-4707-9C2F-4483BE52F646}"
EndProject
Project("{9A19103F-16F7-4668-BE54-9A1E7A4F7556}") = "FacadePattern", "FacadePattern\FacadePattern.csproj", "{C5DD5909-0A54-4397-B24D-14B0FC7D0F8E}"
EndProject
Project("{9A19103F-16F7-4668-BE54-9A1E7A4F7556}") = "ObserverPattern", "ObserverPattern\ObserverPattern.csproj", "{03D5B244-C21E-4CF7-B54D-6A5439E4D484}"
EndProject
Project("{9A19103F-16F7-4668-BE54-9A1E7A4F7556}") = "FuncActDel", "FuncActDel\FuncActDel.csproj", "{E4D1995E-FB2B-42B8-9790-B40F7A3A26D3}"
EndProject
Project("{9A19103F-16F7-4668-BE54-9A1E7A4F7556}") = "LambdaParams", "LambdaParams\LambdaParams.csproj", "{A8FBD438-B293-4851-927B-D29E58A089DC}"
EndProject
Project("{9A19103F-16F7-4668-BE54-9A1E7A4F7556}") = "SimpleValidateDel", "SimpleValidateDel\SimpleValidateDel.csproj", "{D0032827-B181-485B-A139-1C3DE5612783}"
EndProject
Project("{FAE04EC0-301F-11D3-BF4B-00C04F79EFBC}") = "SimpleValidateDel.Tests", "SimpleValidateDel.Tests\SimpleValidateDel.Tests.csproj", "{7F55FDE3-FECB-4715-AF80-5E18C8358487}"
EndProject
Project("{9A19103F-16F7-4668-BE54-9A1E7A4F7556}") = "Sort", "Sort\Sort.csproj", "{2502DADE-ED64-4B2B-9EAF-D73DCF12F695}"
EndProject
Project("{9A19103F-16F7-4668-BE54-9A1E7A4F7556}") = "AbstractTestClass", "AbstractTestClass\AbstractTestClass.csproj", "{9B1193F7-7771-4B1A-8AAC-DFC0B2CA45B3}"
EndProject
Project("{9A19103F-16F7-4668-BE54-9A1E7A4F7556}") = "YieldReturn", "YieldReturn\YieldReturn.csproj", "{57A761C9-1ED8-4F41-88BF-14116C3439D2}"
EndProject
Project("{9A19103F-16F7-4668-BE54-9A1E7A4F7556}") = "SwitchExpressions", "SwitchExpressions\SwitchExpressions.csproj", "{2AF023D4-B05A-4A5D-9F5D-B5135205C43B}"
EndProject
Project("{9A19103F-16F7-4668-BE54-9A1E7A4F7556}") = "Threads", "Treads\Threads.csproj", "{051F415D-13B5-42F7-B8A8-1D993541EE91}"
EndProject
Project("{9A19103F-16F7-4668-BE54-9A1E7A4F7556}") = "Stryker.Net.Sample", "Stryker.Net.Sample\Stryker.Net.Sample.csproj", "{32E17E8E-1B1A-4BA5-91DC-3AC47B230245}"
EndProject
Project("{9A19103F-16F7-4668-BE54-9A1E7A4F7556}") = "Stryker.Net.Sample.Tests", "Stryker.Net.Sample.Tests\Stryker.Net.Sample.Tests.csproj", "{6A0EA986-D6D6-48F4-A8B6-FC5F71F943F2}"
EndProject
Project("{9A19103F-16F7-4668-BE54-9A1E7A4F7556}") = "Records", "Records\Records.csproj", "{41413957-B340-4FD6-B420-F2BC68868AC7}"
EndProject
Project("{9A19103F-16F7-4668-BE54-9A1E7A4F7556}") = "Benchmarking", "Benchmarking\Benchmarking.csproj", "{CC070698-7B69-45FD-B793-7799BB5C8891}"
EndProject
Project("{9A19103F-16F7-4668-BE54-9A1E7A4F7556}") = "FactoryPattern", "FactoryPattern\FactoryPattern.csproj", "{57C33C65-AA5E-4E30-B880-87C9C17AC0B6}"
EndProject
Project("{FAE04EC0-301F-11D3-BF4B-00C04F79EFBC}") = "AuthSecurityDemo", "AuthSecurityDemo\AuthSecurityDemo.csproj", "{EBF6F24B-293D-4F15-92DE-D9CB7442E8AF}"
EndProject
Project("{FAE04EC0-301F-11D3-BF4B-00C04F79EFBC}") = "IdentityDemo", "IdentityDemo\IdentityDemo.csproj", "{CD43AF4A-498B-4DA6-B7E9-3D609870910B}"
EndProject
Project("{FAE04EC0-301F-11D3-BF4B-00C04F79EFBC}") = "OAuthDemo", "OAuthDemo\OAuthDemo.csproj", "{665CC682-170B-45E4-86E7-FCF8A22161EC}"
EndProject
Project("{C9674DCB-5085-4A16-B785-4C70DD1589BD}") = "MinimalSSIS", "MinimalSSIS\MinimalSSIS.dtproj", "{11C763E5-2E72-5FFD-F477-3C600EA11D17}"
EndProject
Global
	GlobalSection(SolutionConfigurationPlatforms) = preSolution
		Debug|Any CPU = Debug|Any CPU
		Development|Any CPU = Development|Any CPU
		Release|Any CPU = Release|Any CPU
	EndGlobalSection
	GlobalSection(ProjectConfigurationPlatforms) = postSolution
		{479D34FE-D925-4796-986F-45C253E4D121}.Debug|Any CPU.ActiveCfg = Debug|Any CPU
		{479D34FE-D925-4796-986F-45C253E4D121}.Debug|Any CPU.Build.0 = Debug|Any CPU
		{479D34FE-D925-4796-986F-45C253E4D121}.Development|Any CPU.ActiveCfg = Release|Any CPU
		{479D34FE-D925-4796-986F-45C253E4D121}.Development|Any CPU.Build.0 = Release|Any CPU
		{479D34FE-D925-4796-986F-45C253E4D121}.Release|Any CPU.ActiveCfg = Release|Any CPU
		{479D34FE-D925-4796-986F-45C253E4D121}.Release|Any CPU.Build.0 = Release|Any CPU
		{F7D8D16C-31E8-4DCB-83CF-D4F08A8E35AE}.Debug|Any CPU.ActiveCfg = Debug|Any CPU
		{F7D8D16C-31E8-4DCB-83CF-D4F08A8E35AE}.Debug|Any CPU.Build.0 = Debug|Any CPU
		{F7D8D16C-31E8-4DCB-83CF-D4F08A8E35AE}.Development|Any CPU.ActiveCfg = Release|Any CPU
		{F7D8D16C-31E8-4DCB-83CF-D4F08A8E35AE}.Development|Any CPU.Build.0 = Release|Any CPU
		{F7D8D16C-31E8-4DCB-83CF-D4F08A8E35AE}.Release|Any CPU.ActiveCfg = Release|Any CPU
		{F7D8D16C-31E8-4DCB-83CF-D4F08A8E35AE}.Release|Any CPU.Build.0 = Release|Any CPU
		{7CBE6CD1-2540-409C-A146-E0108A7E3476}.Debug|Any CPU.ActiveCfg = Debug|Any CPU
		{7CBE6CD1-2540-409C-A146-E0108A7E3476}.Debug|Any CPU.Build.0 = Debug|Any CPU
		{7CBE6CD1-2540-409C-A146-E0108A7E3476}.Development|Any CPU.ActiveCfg = Release|Any CPU
		{7CBE6CD1-2540-409C-A146-E0108A7E3476}.Development|Any CPU.Build.0 = Release|Any CPU
		{7CBE6CD1-2540-409C-A146-E0108A7E3476}.Release|Any CPU.ActiveCfg = Release|Any CPU
		{7CBE6CD1-2540-409C-A146-E0108A7E3476}.Release|Any CPU.Build.0 = Release|Any CPU
		{EC3B467B-8C2A-43F7-9A00-3ACE96FE88E3}.Debug|Any CPU.ActiveCfg = Debug|Any CPU
		{EC3B467B-8C2A-43F7-9A00-3ACE96FE88E3}.Debug|Any CPU.Build.0 = Debug|Any CPU
		{EC3B467B-8C2A-43F7-9A00-3ACE96FE88E3}.Development|Any CPU.ActiveCfg = Release|Any CPU
		{EC3B467B-8C2A-43F7-9A00-3ACE96FE88E3}.Development|Any CPU.Build.0 = Release|Any CPU
		{EC3B467B-8C2A-43F7-9A00-3ACE96FE88E3}.Release|Any CPU.ActiveCfg = Release|Any CPU
		{EC3B467B-8C2A-43F7-9A00-3ACE96FE88E3}.Release|Any CPU.Build.0 = Release|Any CPU
		{D45FA443-715A-4141-9CCB-40A22A5A3A0F}.Debug|Any CPU.ActiveCfg = Debug|Any CPU
		{D45FA443-715A-4141-9CCB-40A22A5A3A0F}.Debug|Any CPU.Build.0 = Debug|Any CPU
		{D45FA443-715A-4141-9CCB-40A22A5A3A0F}.Development|Any CPU.ActiveCfg = Release|Any CPU
		{D45FA443-715A-4141-9CCB-40A22A5A3A0F}.Development|Any CPU.Build.0 = Release|Any CPU
		{D45FA443-715A-4141-9CCB-40A22A5A3A0F}.Release|Any CPU.ActiveCfg = Release|Any CPU
		{D45FA443-715A-4141-9CCB-40A22A5A3A0F}.Release|Any CPU.Build.0 = Release|Any CPU
		{2CDC7BED-D9AD-4704-BE9A-D8AD8F772DE5}.Debug|Any CPU.ActiveCfg = Debug|Any CPU
		{2CDC7BED-D9AD-4704-BE9A-D8AD8F772DE5}.Debug|Any CPU.Build.0 = Debug|Any CPU
		{2CDC7BED-D9AD-4704-BE9A-D8AD8F772DE5}.Development|Any CPU.ActiveCfg = Release|Any CPU
		{2CDC7BED-D9AD-4704-BE9A-D8AD8F772DE5}.Development|Any CPU.Build.0 = Release|Any CPU
		{2CDC7BED-D9AD-4704-BE9A-D8AD8F772DE5}.Release|Any CPU.ActiveCfg = Release|Any CPU
		{2CDC7BED-D9AD-4704-BE9A-D8AD8F772DE5}.Release|Any CPU.Build.0 = Release|Any CPU
		{E3603B9C-49BD-40BA-A884-751FEC1E29BE}.Debug|Any CPU.ActiveCfg = Debug|Any CPU
		{E3603B9C-49BD-40BA-A884-751FEC1E29BE}.Debug|Any CPU.Build.0 = Debug|Any CPU
		{E3603B9C-49BD-40BA-A884-751FEC1E29BE}.Development|Any CPU.ActiveCfg = Release|Any CPU
		{E3603B9C-49BD-40BA-A884-751FEC1E29BE}.Development|Any CPU.Build.0 = Release|Any CPU
		{E3603B9C-49BD-40BA-A884-751FEC1E29BE}.Release|Any CPU.ActiveCfg = Release|Any CPU
		{E3603B9C-49BD-40BA-A884-751FEC1E29BE}.Release|Any CPU.Build.0 = Release|Any CPU
		{487A4C28-AA07-4425-B82E-E63FCF2E7C1C}.Debug|Any CPU.ActiveCfg = Debug|Any CPU
		{487A4C28-AA07-4425-B82E-E63FCF2E7C1C}.Debug|Any CPU.Build.0 = Debug|Any CPU
		{487A4C28-AA07-4425-B82E-E63FCF2E7C1C}.Development|Any CPU.ActiveCfg = Release|Any CPU
		{487A4C28-AA07-4425-B82E-E63FCF2E7C1C}.Development|Any CPU.Build.0 = Release|Any CPU
		{487A4C28-AA07-4425-B82E-E63FCF2E7C1C}.Release|Any CPU.ActiveCfg = Release|Any CPU
		{487A4C28-AA07-4425-B82E-E63FCF2E7C1C}.Release|Any CPU.Build.0 = Release|Any CPU
		{2A32D29C-B2AC-415F-BB73-FD678C6C3310}.Debug|Any CPU.ActiveCfg = Debug|Any CPU
		{2A32D29C-B2AC-415F-BB73-FD678C6C3310}.Debug|Any CPU.Build.0 = Debug|Any CPU
		{2A32D29C-B2AC-415F-BB73-FD678C6C3310}.Development|Any CPU.ActiveCfg = Release|Any CPU
		{2A32D29C-B2AC-415F-BB73-FD678C6C3310}.Development|Any CPU.Build.0 = Release|Any CPU
		{2A32D29C-B2AC-415F-BB73-FD678C6C3310}.Release|Any CPU.ActiveCfg = Release|Any CPU
		{2A32D29C-B2AC-415F-BB73-FD678C6C3310}.Release|Any CPU.Build.0 = Release|Any CPU
		{766B40B7-9E56-4F91-A23B-1F98BDDC5E8C}.Debug|Any CPU.ActiveCfg = Debug|Any CPU
		{766B40B7-9E56-4F91-A23B-1F98BDDC5E8C}.Debug|Any CPU.Build.0 = Debug|Any CPU
		{766B40B7-9E56-4F91-A23B-1F98BDDC5E8C}.Development|Any CPU.ActiveCfg = Release|Any CPU
		{766B40B7-9E56-4F91-A23B-1F98BDDC5E8C}.Development|Any CPU.Build.0 = Release|Any CPU
		{766B40B7-9E56-4F91-A23B-1F98BDDC5E8C}.Release|Any CPU.ActiveCfg = Release|Any CPU
		{766B40B7-9E56-4F91-A23B-1F98BDDC5E8C}.Release|Any CPU.Build.0 = Release|Any CPU
		{EB8E0C37-6287-4B17-B482-4DDA628485CD}.Debug|Any CPU.ActiveCfg = Debug|Any CPU
		{EB8E0C37-6287-4B17-B482-4DDA628485CD}.Debug|Any CPU.Build.0 = Debug|Any CPU
		{EB8E0C37-6287-4B17-B482-4DDA628485CD}.Development|Any CPU.ActiveCfg = Release|Any CPU
		{EB8E0C37-6287-4B17-B482-4DDA628485CD}.Development|Any CPU.Build.0 = Release|Any CPU
		{EB8E0C37-6287-4B17-B482-4DDA628485CD}.Release|Any CPU.ActiveCfg = Release|Any CPU
		{EB8E0C37-6287-4B17-B482-4DDA628485CD}.Release|Any CPU.Build.0 = Release|Any CPU
		{B2AE9F11-846F-4812-87AA-A7C74BC43AC7}.Debug|Any CPU.ActiveCfg = Debug|Any CPU
		{B2AE9F11-846F-4812-87AA-A7C74BC43AC7}.Debug|Any CPU.Build.0 = Debug|Any CPU
		{B2AE9F11-846F-4812-87AA-A7C74BC43AC7}.Development|Any CPU.ActiveCfg = Release|Any CPU
		{B2AE9F11-846F-4812-87AA-A7C74BC43AC7}.Development|Any CPU.Build.0 = Release|Any CPU
		{B2AE9F11-846F-4812-87AA-A7C74BC43AC7}.Release|Any CPU.ActiveCfg = Release|Any CPU
		{B2AE9F11-846F-4812-87AA-A7C74BC43AC7}.Release|Any CPU.Build.0 = Release|Any CPU
		{95F6820D-23C0-4707-9C2F-4483BE52F646}.Debug|Any CPU.ActiveCfg = Debug|Any CPU
		{95F6820D-23C0-4707-9C2F-4483BE52F646}.Debug|Any CPU.Build.0 = Debug|Any CPU
		{95F6820D-23C0-4707-9C2F-4483BE52F646}.Development|Any CPU.ActiveCfg = Release|Any CPU
		{95F6820D-23C0-4707-9C2F-4483BE52F646}.Development|Any CPU.Build.0 = Release|Any CPU
		{95F6820D-23C0-4707-9C2F-4483BE52F646}.Release|Any CPU.ActiveCfg = Release|Any CPU
		{95F6820D-23C0-4707-9C2F-4483BE52F646}.Release|Any CPU.Build.0 = Release|Any CPU
		{C5DD5909-0A54-4397-B24D-14B0FC7D0F8E}.Debug|Any CPU.ActiveCfg = Debug|Any CPU
		{C5DD5909-0A54-4397-B24D-14B0FC7D0F8E}.Debug|Any CPU.Build.0 = Debug|Any CPU
		{C5DD5909-0A54-4397-B24D-14B0FC7D0F8E}.Development|Any CPU.ActiveCfg = Release|Any CPU
		{C5DD5909-0A54-4397-B24D-14B0FC7D0F8E}.Development|Any CPU.Build.0 = Release|Any CPU
		{C5DD5909-0A54-4397-B24D-14B0FC7D0F8E}.Release|Any CPU.ActiveCfg = Release|Any CPU
		{C5DD5909-0A54-4397-B24D-14B0FC7D0F8E}.Release|Any CPU.Build.0 = Release|Any CPU
		{03D5B244-C21E-4CF7-B54D-6A5439E4D484}.Debug|Any CPU.ActiveCfg = Debug|Any CPU
		{03D5B244-C21E-4CF7-B54D-6A5439E4D484}.Debug|Any CPU.Build.0 = Debug|Any CPU
		{03D5B244-C21E-4CF7-B54D-6A5439E4D484}.Development|Any CPU.ActiveCfg = Release|Any CPU
		{03D5B244-C21E-4CF7-B54D-6A5439E4D484}.Development|Any CPU.Build.0 = Release|Any CPU
		{03D5B244-C21E-4CF7-B54D-6A5439E4D484}.Release|Any CPU.ActiveCfg = Release|Any CPU
		{03D5B244-C21E-4CF7-B54D-6A5439E4D484}.Release|Any CPU.Build.0 = Release|Any CPU
		{E4D1995E-FB2B-42B8-9790-B40F7A3A26D3}.Debug|Any CPU.ActiveCfg = Debug|Any CPU
		{E4D1995E-FB2B-42B8-9790-B40F7A3A26D3}.Debug|Any CPU.Build.0 = Debug|Any CPU
		{E4D1995E-FB2B-42B8-9790-B40F7A3A26D3}.Development|Any CPU.ActiveCfg = Release|Any CPU
		{E4D1995E-FB2B-42B8-9790-B40F7A3A26D3}.Development|Any CPU.Build.0 = Release|Any CPU
		{E4D1995E-FB2B-42B8-9790-B40F7A3A26D3}.Release|Any CPU.ActiveCfg = Release|Any CPU
		{E4D1995E-FB2B-42B8-9790-B40F7A3A26D3}.Release|Any CPU.Build.0 = Release|Any CPU
		{A8FBD438-B293-4851-927B-D29E58A089DC}.Debug|Any CPU.ActiveCfg = Debug|Any CPU
		{A8FBD438-B293-4851-927B-D29E58A089DC}.Debug|Any CPU.Build.0 = Debug|Any CPU
		{A8FBD438-B293-4851-927B-D29E58A089DC}.Development|Any CPU.ActiveCfg = Release|Any CPU
		{A8FBD438-B293-4851-927B-D29E58A089DC}.Development|Any CPU.Build.0 = Release|Any CPU
		{A8FBD438-B293-4851-927B-D29E58A089DC}.Release|Any CPU.ActiveCfg = Release|Any CPU
		{A8FBD438-B293-4851-927B-D29E58A089DC}.Release|Any CPU.Build.0 = Release|Any CPU
		{D0032827-B181-485B-A139-1C3DE5612783}.Debug|Any CPU.ActiveCfg = Debug|Any CPU
		{D0032827-B181-485B-A139-1C3DE5612783}.Debug|Any CPU.Build.0 = Debug|Any CPU
		{D0032827-B181-485B-A139-1C3DE5612783}.Development|Any CPU.ActiveCfg = Release|Any CPU
		{D0032827-B181-485B-A139-1C3DE5612783}.Development|Any CPU.Build.0 = Release|Any CPU
		{D0032827-B181-485B-A139-1C3DE5612783}.Release|Any CPU.ActiveCfg = Release|Any CPU
		{D0032827-B181-485B-A139-1C3DE5612783}.Release|Any CPU.Build.0 = Release|Any CPU
		{7F55FDE3-FECB-4715-AF80-5E18C8358487}.Debug|Any CPU.ActiveCfg = Debug|Any CPU
		{7F55FDE3-FECB-4715-AF80-5E18C8358487}.Debug|Any CPU.Build.0 = Debug|Any CPU
		{7F55FDE3-FECB-4715-AF80-5E18C8358487}.Development|Any CPU.ActiveCfg = Release|Any CPU
		{7F55FDE3-FECB-4715-AF80-5E18C8358487}.Development|Any CPU.Build.0 = Release|Any CPU
		{7F55FDE3-FECB-4715-AF80-5E18C8358487}.Release|Any CPU.ActiveCfg = Release|Any CPU
		{7F55FDE3-FECB-4715-AF80-5E18C8358487}.Release|Any CPU.Build.0 = Release|Any CPU
		{2502DADE-ED64-4B2B-9EAF-D73DCF12F695}.Debug|Any CPU.ActiveCfg = Debug|Any CPU
		{2502DADE-ED64-4B2B-9EAF-D73DCF12F695}.Debug|Any CPU.Build.0 = Debug|Any CPU
		{2502DADE-ED64-4B2B-9EAF-D73DCF12F695}.Development|Any CPU.ActiveCfg = Release|Any CPU
		{2502DADE-ED64-4B2B-9EAF-D73DCF12F695}.Development|Any CPU.Build.0 = Release|Any CPU
		{2502DADE-ED64-4B2B-9EAF-D73DCF12F695}.Release|Any CPU.ActiveCfg = Release|Any CPU
		{2502DADE-ED64-4B2B-9EAF-D73DCF12F695}.Release|Any CPU.Build.0 = Release|Any CPU
		{9B1193F7-7771-4B1A-8AAC-DFC0B2CA45B3}.Debug|Any CPU.ActiveCfg = Debug|Any CPU
		{9B1193F7-7771-4B1A-8AAC-DFC0B2CA45B3}.Debug|Any CPU.Build.0 = Debug|Any CPU
		{9B1193F7-7771-4B1A-8AAC-DFC0B2CA45B3}.Development|Any CPU.ActiveCfg = Release|Any CPU
		{9B1193F7-7771-4B1A-8AAC-DFC0B2CA45B3}.Development|Any CPU.Build.0 = Release|Any CPU
		{9B1193F7-7771-4B1A-8AAC-DFC0B2CA45B3}.Release|Any CPU.ActiveCfg = Release|Any CPU
		{9B1193F7-7771-4B1A-8AAC-DFC0B2CA45B3}.Release|Any CPU.Build.0 = Release|Any CPU
		{57A761C9-1ED8-4F41-88BF-14116C3439D2}.Debug|Any CPU.ActiveCfg = Debug|Any CPU
		{57A761C9-1ED8-4F41-88BF-14116C3439D2}.Debug|Any CPU.Build.0 = Debug|Any CPU
		{57A761C9-1ED8-4F41-88BF-14116C3439D2}.Development|Any CPU.ActiveCfg = Release|Any CPU
		{57A761C9-1ED8-4F41-88BF-14116C3439D2}.Development|Any CPU.Build.0 = Release|Any CPU
		{57A761C9-1ED8-4F41-88BF-14116C3439D2}.Release|Any CPU.ActiveCfg = Release|Any CPU
		{57A761C9-1ED8-4F41-88BF-14116C3439D2}.Release|Any CPU.Build.0 = Release|Any CPU
		{2AF023D4-B05A-4A5D-9F5D-B5135205C43B}.Debug|Any CPU.ActiveCfg = Debug|Any CPU
		{2AF023D4-B05A-4A5D-9F5D-B5135205C43B}.Debug|Any CPU.Build.0 = Debug|Any CPU
		{2AF023D4-B05A-4A5D-9F5D-B5135205C43B}.Development|Any CPU.ActiveCfg = Release|Any CPU
		{2AF023D4-B05A-4A5D-9F5D-B5135205C43B}.Development|Any CPU.Build.0 = Release|Any CPU
		{2AF023D4-B05A-4A5D-9F5D-B5135205C43B}.Release|Any CPU.ActiveCfg = Release|Any CPU
		{2AF023D4-B05A-4A5D-9F5D-B5135205C43B}.Release|Any CPU.Build.0 = Release|Any CPU
		{051F415D-13B5-42F7-B8A8-1D993541EE91}.Debug|Any CPU.ActiveCfg = Debug|Any CPU
		{051F415D-13B5-42F7-B8A8-1D993541EE91}.Debug|Any CPU.Build.0 = Debug|Any CPU
		{051F415D-13B5-42F7-B8A8-1D993541EE91}.Development|Any CPU.ActiveCfg = Release|Any CPU
		{051F415D-13B5-42F7-B8A8-1D993541EE91}.Development|Any CPU.Build.0 = Release|Any CPU
		{051F415D-13B5-42F7-B8A8-1D993541EE91}.Release|Any CPU.ActiveCfg = Release|Any CPU
		{051F415D-13B5-42F7-B8A8-1D993541EE91}.Release|Any CPU.Build.0 = Release|Any CPU
		{32E17E8E-1B1A-4BA5-91DC-3AC47B230245}.Debug|Any CPU.ActiveCfg = Debug|Any CPU
		{32E17E8E-1B1A-4BA5-91DC-3AC47B230245}.Debug|Any CPU.Build.0 = Debug|Any CPU
		{32E17E8E-1B1A-4BA5-91DC-3AC47B230245}.Development|Any CPU.ActiveCfg = Release|Any CPU
		{32E17E8E-1B1A-4BA5-91DC-3AC47B230245}.Development|Any CPU.Build.0 = Release|Any CPU
		{32E17E8E-1B1A-4BA5-91DC-3AC47B230245}.Release|Any CPU.ActiveCfg = Release|Any CPU
		{32E17E8E-1B1A-4BA5-91DC-3AC47B230245}.Release|Any CPU.Build.0 = Release|Any CPU
		{6A0EA986-D6D6-48F4-A8B6-FC5F71F943F2}.Debug|Any CPU.ActiveCfg = Debug|Any CPU
		{6A0EA986-D6D6-48F4-A8B6-FC5F71F943F2}.Debug|Any CPU.Build.0 = Debug|Any CPU
		{6A0EA986-D6D6-48F4-A8B6-FC5F71F943F2}.Development|Any CPU.ActiveCfg = Release|Any CPU
		{6A0EA986-D6D6-48F4-A8B6-FC5F71F943F2}.Development|Any CPU.Build.0 = Release|Any CPU
		{6A0EA986-D6D6-48F4-A8B6-FC5F71F943F2}.Release|Any CPU.ActiveCfg = Release|Any CPU
		{6A0EA986-D6D6-48F4-A8B6-FC5F71F943F2}.Release|Any CPU.Build.0 = Release|Any CPU
		{41413957-B340-4FD6-B420-F2BC68868AC7}.Debug|Any CPU.ActiveCfg = Debug|Any CPU
		{41413957-B340-4FD6-B420-F2BC68868AC7}.Debug|Any CPU.Build.0 = Debug|Any CPU
		{41413957-B340-4FD6-B420-F2BC68868AC7}.Development|Any CPU.ActiveCfg = Release|Any CPU
		{41413957-B340-4FD6-B420-F2BC68868AC7}.Development|Any CPU.Build.0 = Release|Any CPU
		{41413957-B340-4FD6-B420-F2BC68868AC7}.Release|Any CPU.ActiveCfg = Release|Any CPU
		{41413957-B340-4FD6-B420-F2BC68868AC7}.Release|Any CPU.Build.0 = Release|Any CPU
		{CC070698-7B69-45FD-B793-7799BB5C8891}.Debug|Any CPU.ActiveCfg = Debug|Any CPU
		{CC070698-7B69-45FD-B793-7799BB5C8891}.Debug|Any CPU.Build.0 = Debug|Any CPU
		{CC070698-7B69-45FD-B793-7799BB5C8891}.Development|Any CPU.ActiveCfg = Release|Any CPU
		{CC070698-7B69-45FD-B793-7799BB5C8891}.Development|Any CPU.Build.0 = Release|Any CPU
		{CC070698-7B69-45FD-B793-7799BB5C8891}.Release|Any CPU.ActiveCfg = Release|Any CPU
		{CC070698-7B69-45FD-B793-7799BB5C8891}.Release|Any CPU.Build.0 = Release|Any CPU
		{57C33C65-AA5E-4E30-B880-87C9C17AC0B6}.Debug|Any CPU.ActiveCfg = Debug|Any CPU
		{57C33C65-AA5E-4E30-B880-87C9C17AC0B6}.Debug|Any CPU.Build.0 = Debug|Any CPU
		{57C33C65-AA5E-4E30-B880-87C9C17AC0B6}.Development|Any CPU.ActiveCfg = Release|Any CPU
		{57C33C65-AA5E-4E30-B880-87C9C17AC0B6}.Development|Any CPU.Build.0 = Release|Any CPU
		{57C33C65-AA5E-4E30-B880-87C9C17AC0B6}.Release|Any CPU.ActiveCfg = Release|Any CPU
		{57C33C65-AA5E-4E30-B880-87C9C17AC0B6}.Release|Any CPU.Build.0 = Release|Any CPU
		{EBF6F24B-293D-4F15-92DE-D9CB7442E8AF}.Debug|Any CPU.ActiveCfg = Debug|Any CPU
		{EBF6F24B-293D-4F15-92DE-D9CB7442E8AF}.Debug|Any CPU.Build.0 = Debug|Any CPU
		{EBF6F24B-293D-4F15-92DE-D9CB7442E8AF}.Development|Any CPU.ActiveCfg = Release|Any CPU
		{EBF6F24B-293D-4F15-92DE-D9CB7442E8AF}.Development|Any CPU.Build.0 = Release|Any CPU
		{EBF6F24B-293D-4F15-92DE-D9CB7442E8AF}.Release|Any CPU.ActiveCfg = Release|Any CPU
		{EBF6F24B-293D-4F15-92DE-D9CB7442E8AF}.Release|Any CPU.Build.0 = Release|Any CPU
		{CD43AF4A-498B-4DA6-B7E9-3D609870910B}.Debug|Any CPU.ActiveCfg = Debug|Any CPU
		{CD43AF4A-498B-4DA6-B7E9-3D609870910B}.Debug|Any CPU.Build.0 = Debug|Any CPU
		{CD43AF4A-498B-4DA6-B7E9-3D609870910B}.Development|Any CPU.ActiveCfg = Release|Any CPU
		{CD43AF4A-498B-4DA6-B7E9-3D609870910B}.Development|Any CPU.Build.0 = Release|Any CPU
		{CD43AF4A-498B-4DA6-B7E9-3D609870910B}.Release|Any CPU.ActiveCfg = Release|Any CPU
		{CD43AF4A-498B-4DA6-B7E9-3D609870910B}.Release|Any CPU.Build.0 = Release|Any CPU
		{665CC682-170B-45E4-86E7-FCF8A22161EC}.Debug|Any CPU.ActiveCfg = Debug|Any CPU
		{665CC682-170B-45E4-86E7-FCF8A22161EC}.Debug|Any CPU.Build.0 = Debug|Any CPU
		{665CC682-170B-45E4-86E7-FCF8A22161EC}.Development|Any CPU.ActiveCfg = Release|Any CPU
		{665CC682-170B-45E4-86E7-FCF8A22161EC}.Development|Any CPU.Build.0 = Release|Any CPU
		{665CC682-170B-45E4-86E7-FCF8A22161EC}.Release|Any CPU.ActiveCfg = Release|Any CPU
		{665CC682-170B-45E4-86E7-FCF8A22161EC}.Release|Any CPU.Build.0 = Release|Any CPU
		{11C763E5-2E72-5FFD-F477-3C600EA11D17}.Debug|Any CPU.ActiveCfg = Development
		{11C763E5-2E72-5FFD-F477-3C600EA11D17}.Debug|Any CPU.Build.0 = Development
		{11C763E5-2E72-5FFD-F477-3C600EA11D17}.Development|Any CPU.ActiveCfg = Development
		{11C763E5-2E72-5FFD-F477-3C600EA11D17}.Development|Any CPU.Build.0 = Development
		{11C763E5-2E72-5FFD-F477-3C600EA11D17}.Release|Any CPU.ActiveCfg = Development
		{11C763E5-2E72-5FFD-F477-3C600EA11D17}.Release|Any CPU.Build.0 = Development
	EndGlobalSection
	GlobalSection(SolutionProperties) = preSolution
		HideSolutionNode = FALSE
	EndGlobalSection
	GlobalSection(ExtensibilityGlobals) = postSolution
		SolutionGuid = {5E21E3DB-FD3A-4984-A6AC-6EE311B042A9}
	EndGlobalSection
EndGlobal
